
Microsoft Visual Studio Solution File, Format Version 12.00
# Visual Studio Version 17
VisualStudioVersion = 17.10.35122.118
MinimumVisualStudioVersion = 10.0.40219.1
Project("{FAE04EC0-301F-11D3-BF4B-00C04F79EFBC}") = "Enum_&_Files", "Enum_&_Files\Enum_&_Files.csproj", "{080AAF0B-B539-4D01-BFBC-AD086F1F554A}"
EndProject
Global
	GlobalSection(SolutionConfigurationPlatforms) = preSolution
		Debug|Any CPU = Debug|Any CPU
		Release|Any CPU = Release|Any CPU
	EndGlobalSection
	GlobalSection(ProjectConfigurationPlatforms) = postSolution
		{080AAF0B-B539-4D01-BFBC-AD086F1F554A}.Debug|Any CPU.ActiveCfg = Debug|Any CPU
		{080AAF0B-B539-4D01-BFBC-AD086F1F554A}.Debug|Any CPU.Build.0 = Debug|Any CPU
		{080AAF0B-B539-4D01-BFBC-AD086F1F554A}.Release|Any CPU.ActiveCfg = Release|Any CPU
		{080AAF0B-B539-4D01-BFBC-AD086F1F554A}.Release|Any CPU.Build.0 = Release|Any CPU
	EndGlobalSection
	GlobalSection(SolutionProperties) = preSolution
		HideSolutionNode = FALSE
	EndGlobalSection
	GlobalSection(ExtensibilityGlobals) = postSolution
		SolutionGuid = {FBCE8B16-8AA5-4B73-AD19-46964DF169CB}
	EndGlobalSection
EndGlobal
